{
  "name": "test-project",
  "version": "1.0.0",
  "lockfileVersion": 2,
  "packages": {
    "": {"name": "test-project", "version": "1.0.0"},
    "node_modules/lodash": {"version": "4.17.15"},
    "node_modules/express": {"version": "4.17.1"},
    "node_modules/axios": {"version": "0.21.1"},
    "node_modules/jest": {"version": "27.5.1"}
  }
}
